// !$*UTF8*$!
{
	archiveVersion = 1;
	classes = {
	};
	objectVersion = 56;
	objects = {

/* Begin PBXBuildFile section */
		A2F983C82916C9A0006DFC59 /* AppDelegate.swift in Sources */ = {isa = PBXBuildFile; fileRef = A2F983C72916C9A0006DFC59 /* AppDelegate.swift */; };
		A2F983CA2916C9A0006DFC59 /* SceneDelegate.swift in Sources */ = {isa = PBXBuildFile; fileRef = A2F983C92916C9A0006DFC59 /* SceneDelegate.swift */; };
		A2F983CC2916C9A0006DFC59 /* ViewController.swift in Sources */ = {isa = PBXBuildFile; fileRef = A2F983CB2916C9A0006DFC59 /* ViewController.swift */; };
		A2F983CF2916C9A0006DFC59 /* Main.storyboard in Resources */ = {isa = PBXBuildFile; fileRef = A2F983CD2916C9A0006DFC59 /* Main.storyboard */; };
		A2F983D12916C9A3006DFC59 /* Assets.xcassets in Resources */ = {isa = PBXBuildFile; fileRef = A2F983D02916C9A3006DFC59 /* Assets.xcassets */; };
		A2F983D42916C9A3006DFC59 /* LaunchScreen.storyboard in Resources */ = {isa = PBXBuildFile; fileRef = A2F983D22916C9A3006DFC59 /* LaunchScreen.storyboard */; };
		A2F983DC2916D97E006DFC59 /* MUSIC3.mp3 in Resources */ = {isa = PBXBuildFile; fileRef = A2F983DB2916D97E006DFC59 /* MUSIC3.mp3 */; };
		A2F983E02916DA00006DFC59 /* AVKit.framework in Frameworks */ = {isa = PBXBuildFile; fileRef = A2F983DE2916D9FF006DFC59 /* AVKit.framework */; };
		A2F983E12916DA00006DFC59 /* AVFoundation.framework in Frameworks */ = {isa = PBXBuildFile; fileRef = A2F983DF2916D9FF006DFC59 /* AVFoundation.framework */; };
		A2F983E32916E8A9006DFC59 /* song.gif in Resources */ = {isa = PBXBuildFile; fileRef = A2F983E22916E8A9006DFC59 /* song.gif */; };
		A2F983E82916EA09006DFC59 /* UIImageAnimatedGIF.m in Sources */ = {isa = PBXBuildFile; fileRef = A2F983E62916EA08006DFC59 /* UIImageAnimatedGIF.m */; };
/* End PBXBuildFile section */

/* Begin PBXFileReference section */
		A2F983C42916C9A0006DFC59 /* AudioPlayer.app */ = {isa = PBXFileReference; explicitFileType = wrapper.application; includeInIndex = 0; path = AudioPlayer.app; sourceTree = BUILT_PRODUCTS_DIR; };
		A2F983C72916C9A0006DFC59 /* AppDelegate.swift */ = {isa = PBXFileReference; lastKnownFileType = sourcecode.swift; path = AppDelegate.swift; sourceTree = "<group>"; };
		A2F983C92916C9A0006DFC59 /* SceneDelegate.swift */ = {isa = PBXFileReference; lastKnownFileType = sourcecode.swift; path = SceneDelegate.swift; sourceTree = "<group>"; };
		A2F983CB2916C9A0006DFC59 /* ViewController.swift */ = {isa = PBXFileReference; lastKnownFileType = sourcecode.swift; path = ViewController.swift; sourceTree = "<group>"; };
		A2F983CE2916C9A0006DFC59 /* Base */ = {isa = PBXFileReference; lastKnownFileType = file.storyboard; name = Base; path = Base.lproj/Main.storyboard; sourceTree = "<group>"; };
		A2F983D02916C9A3006DFC59 /* Assets.xcassets */ = {isa = PBXFileReference; lastKnownFileType = folder.assetcatalog; path = Assets.xcassets; sourceTree = "<group>"; };
		A2F983D32916C9A3006DFC59 /* Base */ = {isa = PBXFileReference; lastKnownFileType = file.storyboard; name = Base; path = Base.lproj/LaunchScreen.storyboard; sourceTree = "<group>"; };
		A2F983D52916C9A3006DFC59 /* Info.plist */ = {isa = PBXFileReference; lastKnownFileType = text.plist.xml; path = Info.plist; sourceTree = "<group>"; };
		A2F983DB2916D97E006DFC59 /* MUSIC3.mp3 */ = {isa = PBXFileReference; lastKnownFileType = audio.mp3; path = MUSIC3.mp3; sourceTree = "<group>"; };
		A2F983DE2916D9FF006DFC59 /* AVKit.framework */ = {isa = PBXFileReference; lastKnownFileType = wrapper.framework; name = AVKit.framework; path = System/Library/Frameworks/AVKit.framework; sourceTree = SDKROOT; };
		A2F983DF2916D9FF006DFC59 /* AVFoundation.framework */ = {isa = PBXFileReference; lastKnownFileType = wrapper.framework; name = AVFoundation.framework; path = System/Library/Frameworks/AVFoundation.framework; sourceTree = SDKROOT; };
		A2F983E22916E8A9006DFC59 /* song.gif */ = {isa = PBXFileReference; lastKnownFileType = image.gif; path = song.gif; sourceTree = "<group>"; };
		A2F983E62916EA08006DFC59 /* UIImageAnimatedGIF.m */ = {isa = PBXFileReference; fileEncoding = 4; lastKnownFileType = sourcecode.c.objc; path = UIImageAnimatedGIF.m; sourceTree = "<group>"; };
		A2F983E72916EA08006DFC59 /* UIImageAnimatedGIF.h */ = {isa = PBXFileReference; fileEncoding = 4; lastKnownFileType = sourcecode.c.h; path = UIImageAnimatedGIF.h; sourceTree = "<group>"; };
		A2F983E92916EA47006DFC59 /* AudioPlayer-Bridging-Header.h */ = {isa = PBXFileReference; lastKnownFileType = sourcecode.c.h; path = "AudioPlayer-Bridging-Header.h"; sourceTree = "<group>"; };
/* End PBXFileReference section */

/* Begin PBXFrameworksBuildPhase section */
		A2F983C12916C9A0006DFC59 /* Frameworks */ = {
			isa = PBXFrameworksBuildPhase;
			buildActionMask = 2147483647;
			files = (
				A2F983E12916DA00006DFC59 /* AVFoundation.framework in Frameworks */,
				A2F983E02916DA00006DFC59 /* AVKit.framework in Frameworks */,
			);
			runOnlyForDeploymentPostprocessing = 0;
		};
/* End PBXFrameworksBuildPhase section */

/* Begin PBXGroup section */
		A2F983BB2916C9A0006DFC59 = {
			isa = PBXGroup;
			children = (
				A2F983C62916C9A0006DFC59 /* AudioPlayer */,
				A2F983C52916C9A0006DFC59 /* Products */,
				A2F983DD2916D9FE006DFC59 /* Frameworks */,
			);
			sourceTree = "<group>";
		};
		A2F983C52916C9A0006DFC59 /* Products */ = {
			isa = PBXGroup;
			children = (
				A2F983C42916C9A0006DFC59 /* AudioPlayer.app */,
			);
			name = Products;
			sourceTree = "<group>";
		};
		A2F983C62916C9A0006DFC59 /* AudioPlayer */ = {
			isa = PBXGroup;
			children = (
				A2F983E72916EA08006DFC59 /* UIImageAnimatedGIF.h */,
				A2F983E62916EA08006DFC59 /* UIImageAnimatedGIF.m */,
				A2F983E22916E8A9006DFC59 /* song.gif */,
				A2F983DB2916D97E006DFC59 /* MUSIC3.mp3 */,
				A2F983C72916C9A0006DFC59 /* AppDelegate.swift */,
				A2F983C92916C9A0006DFC59 /* SceneDelegate.swift */,
				A2F983CB2916C9A0006DFC59 /* ViewController.swift */,
				A2F983CD2916C9A0006DFC59 /* Main.storyboard */,
				A2F983D02916C9A3006DFC59 /* Assets.xcassets */,
				A2F983D22916C9A3006DFC59 /* LaunchScreen.storyboard */,
				A2F983D52916C9A3006DFC59 /* Info.plist */,
				A2F983E92916EA47006DFC59 /* AudioPlayer-Bridging-Header.h */,
			);
			path = AudioPlayer;
			sourceTree = "<group>";
		};
		A2F983DD2916D9FE006DFC59 /* Frameworks */ = {
			isa = PBXGroup;
			children = (
				A2F983DF2916D9FF006DFC59 /* AVFoundation.framework */,
				A2F983DE2916D9FF006DFC59 /* AVKit.framework */,
			);
			name = Frameworks;
			sourceTree = "<group>";
		};
/* End PBXGroup section */

/* Begin PBXNativeTarget section */
		A2F983C32916C9A0006DFC59 /* AudioPlayer */ = {
			isa = PBXNativeTarget;
			buildConfigurationList = A2F983D82916C9A3006DFC59 /* Build configuration list for PBXNativeTarget "AudioPlayer" */;
			buildPhases = (
				A2F983C02916C9A0006DFC59 /* Sources */,
				A2F983C12916C9A0006DFC59 /* Frameworks */,
				A2F983C22916C9A0006DFC59 /* Resources */,
			);
			buildRules = (
			);
			dependencies = (
			);
			name = AudioPlayer;
			productName = AudioPlayer;
			productReference = A2F983C42916C9A0006DFC59 /* AudioPlayer.app */;
			productType = "com.apple.product-type.application";
		};
/* End PBXNativeTarget section */

/* Begin PBXProject section */
		A2F983BC2916C9A0006DFC59 /* Project object */ = {
			isa = PBXProject;
			attributes = {
				BuildIndependentTargetsInParallel = 1;
				LastSwiftUpdateCheck = 1400;
				LastUpgradeCheck = 1400;
				TargetAttributes = {
					A2F983C32916C9A0006DFC59 = {
						CreatedOnToolsVersion = 14.0.1;
						LastSwiftMigration = 1400;
					};
				};
			};
			buildConfigurationList = A2F983BF2916C9A0006DFC59 /* Build configuration list for PBXProject "AudioPlayer" */;
			compatibilityVersion = "Xcode 14.0";
			developmentRegion = en;
			hasScannedForEncodings = 0;
			knownRegions = (
				en,
				Base,
			);
			mainGroup = A2F983BB2916C9A0006DFC59;
			productRefGroup = A2F983C52916C9A0006DFC59 /* Products */;
			projectDirPath = "";
			projectRoot = "";
			targets = (
				A2F983C32916C9A0006DFC59 /* AudioPlayer */,
			);
		};
/* End PBXProject section */

/* Begin PBXResourcesBuildPhase section */
		A2F983C22916C9A0006DFC59 /* Resources */ = {
			isa = PBXResourcesBuildPhase;
			buildActionMask = 2147483647;
			files = (
				A2F983DC2916D97E006DFC59 /* MUSIC3.mp3 in Resources */,
				A2F983D42916C9A3006DFC59 /* LaunchScreen.storyboard in Resources */,
				A2F983E32916E8A9006DFC59 /* song.gif in Resources */,
				A2F983D12916C9A3006DFC59 /* Assets.xcassets in Resources */,
				A2F983CF2916C9A0006DFC59 /* Main.storyboard in Resources */,
			);
			runOnlyForDeploymentPostprocessing = 0;
		};
/* End PBXResourcesBuildPhase section */

/* Begin PBXSourcesBuildPhase section */
		A2F983C02916C9A0006DFC59 /* Sources */ = {
			isa = PBXSourcesBuildPhase;
			buildActionMask = 2147483647;
			files = (
				A2F983CC2916C9A0006DFC59 /* ViewController.swift in Sources */,
				A2F983E82916EA09006DFC59 /* UIImageAnimatedGIF.m in Sources */,
				A2F983C82916C9A0006DFC59 /* AppDelegate.swift in Sources */,
				A2F983CA2916C9A0006DFC59 /* SceneDelegate.swift in Sources */,
			);
			runOnlyForDeploymentPostprocessing = 0;
		};
/* End PBXSourcesBuildPhase section */

/* Begin PBXVariantGroup section */
		A2F983CD2916C9A0006DFC59 /* Main.storyboard */ = {
			isa = PBXVariantGroup;
			children = (
				A2F983CE2916C9A0006DFC59 /* Base */,
			);
			name = Main.storyboard;
			sourceTree = "<group>";
		};
		A2F983D22916C9A3006DFC59 /* LaunchScreen.storyboard */ = {
			isa = PBXVariantGroup;
			children = (
				A2F983D32916C9A3006DFC59 /* Base */,
			);
			name = LaunchScreen.storyboard;
			sourceTree = "<group>";
		};
/* End PBXVariantGroup section */

/* Begin XCBuildConfiguration section */
		A2F983D62916C9A3006DFC59 /* Debug */ = {
			isa = XCBuildConfiguration;
			buildSettings = {
				ALWAYS_SEARCH_USER_PATHS = NO;
				CLANG_ANALYZER_NONNULL = YES;
				CLANG_ANALYZER_NUMBER_OBJECT_CONVERSION = YES_AGGRESSIVE;
				CLANG_CXX_LANGUAGE_STANDARD = "gnu++20";
				CLANG_ENABLE_MODULES = YES;
				CLANG_ENABLE_OBJC_ARC = YES;
				CLANG_ENABLE_OBJC_WEAK = YES;
				CLANG_WARN_BLOCK_CAPTURE_AUTORELEASING = YES;
				CLANG_WARN_BOOL_CONVERSION = YES;
				CLANG_WARN_COMMA = YES;
				CLANG_WARN_CONSTANT_CONVERSION = YES;
				CLANG_WARN_DEPRECATED_OBJC_IMPLEMENTATIONS = YES;
				CLANG_WARN_DIRECT_OBJC_ISA_USAGE = YES_ERROR;
				CLANG_WARN_DOCUMENTATION_COMMENTS = YES;
				CLANG_WARN_EMPTY_BODY = YES;
				CLANG_WARN_ENUM_CONVERSION = YES;
				CLANG_WARN_INFINITE_RECURSION = YES;
				CLANG_WARN_INT_CONVERSION = YES;
				CLANG_WARN_NON_LITERAL_NULL_CONVERSION = YES;
				CLANG_WARN_OBJC_IMPLICIT_RETAIN_SELF = YES;
				CLANG_WARN_OBJC_LITERAL_CONVERSION = YES;
				CLANG_WARN_OBJC_ROOT_CLASS = YES_ERROR;
				CLANG_WARN_QUOTED_INCLUDE_IN_FRAMEWORK_HEADER = YES;
				CLANG_WARN_RANGE_LOOP_ANALYSIS = YES;
				CLANG_WARN_STRICT_PROTOTYPES = YES;
				CLANG_WARN_SUSPICIOUS_MOVE = YES;
				CLANG_WARN_UNGUARDED_AVAILABILITY = YES_AGGRESSIVE;
				CLANG_WARN_UNREACHABLE_CODE = YES;
				CLANG_WARN__DUPLICATE_METHOD_MATCH = YES;
				COPY_PHASE_STRIP = NO;
				DEBUG_INFORMATION_FORMAT = dwarf;
				ENABLE_STRICT_OBJC_MSGSEND = YES;
				ENABLE_TESTABILITY = YES;
				GCC_C_LANGUAGE_STANDARD = gnu11;
				GCC_DYNAMIC_NO_PIC = NO;
				GCC_NO_COMMON_BLOCKS = YES;
				GCC_OPTIMIZATION_LEVEL = 0;
				GCC_PREPROCESSOR_DEFINITIONS = (
					"DEBUG=1",
					"$(inherited)",
				);
				GCC_WARN_64_TO_32_BIT_CONVERSION = YES;
				GCC_WARN_ABOUT_RETURN_TYPE = YES_ERROR;
				GCC_WARN_UNDECLARED_SELECTOR = YES;
				GCC_WARN_UNINITIALIZED_AUTOS = YES_AGGRESSIVE;
				GCC_WARN_UNUSED_FUNCTION = YES;
				GCC_WARN_UNUSED_VARIABLE = YES;
				IPHONEOS_DEPLOYMENT_TARGET = 16.0;
				MTL_ENABLE_DEBUG_INFO = INCLUDE_SOURCE;
				MTL_FAST_MATH = YES;
				ONLY_ACTIVE_ARCH = YES;
				SDKROOT = iphoneos;
				SWIFT_ACTIVE_COMPILATION_CONDITIONS = DEBUG;
				SWIFT_OPTIMIZATION_LEVEL = "-Onone";
			};
			name = Debug;
		};
		A2F983D72916C9A3006DFC59 /* Release */ = {
			isa = XCBuildConfiguration;
			buildSettings = {
				ALWAYS_SEARCH_USER_PATHS = NO;
				CLANG_ANALYZER_NONNULL = YES;
				CLANG_ANALYZER_NUMBER_OBJECT_CONVERSION = YES_AGGRESSIVE;
				CLANG_CXX_LANGUAGE_STANDARD = "gnu++20";
				CLANG_ENABLE_MODULES = YES;
				CLANG_ENABLE_OBJC_ARC = YES;
				CLANG_ENABLE_OBJC_WEAK = YES;
				CLANG_WARN_BLOCK_CAPTURE_AUTORELEASING = YES;
				CLANG_WARN_BOOL_CONVERSION = YES;
				CLANG_WARN_COMMA = YES;
				CLANG_WARN_CONSTANT_CONVERSION = YES;
				CLANG_WARN_DEPRECATED_OBJC_IMPLEMENTATIONS = YES;
				CLANG_WARN_DIRECT_OBJC_ISA_USAGE = YES_ERROR;
				CLANG_WARN_DOCUMENTATION_COMMENTS = YES;
				CLANG_WARN_EMPTY_BODY = YES;
				CLANG_WARN_ENUM_CONVERSION = YES;
				CLANG_WARN_INFINITE_RECURSION = YES;
				CLANG_WARN_INT_CONVERSION = YES;
				CLANG_WARN_NON_LITERAL_NULL_CONVERSION = YES;
				CLANG_WARN_OBJC_IMPLICIT_RETAIN_SELF = YES;
				CLANG_WARN_OBJC_LITERAL_CONVERSION = YES;
				CLANG_WARN_OBJC_ROOT_CLASS = YES_ERROR;
				CLANG_WARN_QUOTED_INCLUDE_IN_FRAMEWORK_HEADER = YES;
				CLANG_WARN_RANGE_LOOP_ANALYSIS = YES;
				CLANG_WARN_STRICT_PROTOTYPES = YES;
				CLANG_WARN_SUSPICIOUS_MOVE = YES;
				CLANG_WARN_UNGUARDED_AVAILABILITY = YES_AGGRESSIVE;
				CLANG_WARN_UNREACHABLE_CODE = YES;
				CLANG_WARN__DUPLICATE_METHOD_MATCH = YES;
				COPY_PHASE_STRIP = NO;
				DEBUG_INFORMATION_FORMAT = "dwarf-with-dsym";
				ENABLE_NS_ASSERTIONS = NO;
				ENABLE_STRICT_OBJC_MSGSEND = YES;
				GCC_C_LANGUAGE_STANDARD = gnu11;
				GCC_NO_COMMON_BLOCKS = YES;
				GCC_WARN_64_TO_32_BIT_CONVERSION = YES;
				GCC_WARN_ABOUT_RETURN_TYPE = YES_ERROR;
				GCC_WARN_UNDECLARED_SELECTOR = YES;
				GCC_WARN_UNINITIALIZED_AUTOS = YES_AGGRESSIVE;
				GCC_WARN_UNUSED_FUNCTION = YES;
				GCC_WARN_UNUSED_VARIABLE = YES;
				IPHONEOS_DEPLOYMENT_TARGET = 16.0;
				MTL_ENABLE_DEBUG_INFO = NO;
				MTL_FAST_MATH = YES;
				SDKROOT = iphoneos;
				SWIFT_COMPILATION_MODE = wholemodule;
				SWIFT_OPTIMIZATION_LEVEL = "-O";
				VALIDATE_PRODUCT = YES;
			};
			name = Release;
		};
		A2F983D92916C9A3006DFC59 /* Debug */ = {
			isa = XCBuildConfiguration;
			buildSettings = {
				ASSETCATALOG_COMPILER_APPICON_NAME = AppIcon;
				ASSETCATALOG_COMPILER_GLOBAL_ACCENT_COLOR_NAME = AccentColor;
				CLANG_ENABLE_MODULES = YES;
				CODE_SIGN_STYLE = Automatic;
				CURRENT_PROJECT_VERSION = 1;
				DEVELOPMENT_TEAM = GD6XG3RZ35;
				GENERATE_INFOPLIST_FILE = YES;
				INFOPLIST_FILE = AudioPlayer/Info.plist;
				INFOPLIST_KEY_UIApplicationSupportsIndirectInputEvents = YES;
				INFOPLIST_KEY_UILaunchStoryboardName = LaunchScreen;
				INFOPLIST_KEY_UIMainStoryboardFile = Main;
				INFOPLIST_KEY_UISupportedInterfaceOrientations_iPad = "UIInterfaceOrientationPortrait UIInterfaceOrientationPortraitUpsideDown UIInterfaceOrientationLandscapeLeft UIInterfaceOrientationLandscapeRight";
				INFOPLIST_KEY_UISupportedInterfaceOrientations_iPhone = "UIInterfaceOrientationPortrait UIInterfaceOrientationLandscapeLeft UIInterfaceOrientationLandscapeRight";
				LD_RUNPATH_SEARCH_PATHS = (
					"$(inherited)",
					"@executable_path/Frameworks",
				);
				MARKETING_VERSION = 1.0;
				PRODUCT_BUNDLE_IDENTIFIER = com.redflight.AudioPlayer;
				PRODUCT_NAME = "$(TARGET_NAME)";
				SWIFT_EMIT_LOC_STRINGS = YES;
				SWIFT_OBJC_BRIDGING_HEADER = "AudioPlayer/AudioPlayer-Bridging-Header.h";
				SWIFT_OPTIMIZATION_LEVEL = "-Onone";
				SWIFT_VERSION = 5.0;
				TARGETED_DEVICE_FAMILY = "1,2";
			};
			name = Debug;
		};
		A2F983DA2916C9A3006DFC59 /* Release */ = {
			isa = XCBuildConfiguration;
			buildSettings = {
				ASSETCATALOG_COMPILER_APPICON_NAME = AppIcon;
				ASSETCATALOG_COMPILER_GLOBAL_ACCENT_COLOR_NAME = AccentColor;
				CLANG_ENABLE_MODULES = YES;
				CODE_SIGN_STYLE = Automatic;
				CURRENT_PROJECT_VERSION = 1;
				DEVELOPMENT_TEAM = GD6XG3RZ35;
				GENERATE_INFOPLIST_FILE = YES;
				INFOPLIST_FILE = AudioPlayer/Info.plist;
				INFOPLIST_KEY_UIApplicationSupportsIndirectInputEvents = YES;
				INFOPLIST_KEY_UILaunchStoryboardName = LaunchScreen;
				INFOPLIST_KEY_UIMainStoryboardFile = Main;
				INFOPLIST_KEY_UISupportedInterfaceOrientations_iPad = "UIInterfaceOrientationPortrait UIInterfaceOrientationPortraitUpsideDown UIInterfaceOrientationLandscapeLeft UIInterfaceOrientationLandscapeRight";
				INFOPLIST_KEY_UISupportedInterfaceOrientations_iPhone = "UIInterfaceOrientationPortrait UIInterfaceOrientationLandscapeLeft UIInterfaceOrientationLandscapeRight";
				LD_RUNPATH_SEARCH_PATHS = (
					"$(inherited)",
					"@executable_path/Frameworks",
				);
				MARKETING_VERSION = 1.0;
				PRODUCT_BUNDLE_IDENTIFIER = com.redflight.AudioPlayer;
				PRODUCT_NAME = "$(TARGET_NAME)";
				SWIFT_EMIT_LOC_STRINGS = YES;
				SWIFT_OBJC_BRIDGING_HEADER = "AudioPlayer/AudioPlayer-Bridging-Header.h";
				SWIFT_VERSION = 5.0;
				TARGETED_DEVICE_FAMILY = "1,2";
			};
			name = Release;
		};
/* End XCBuildConfiguration section */

/* Begin XCConfigurationList section */
		A2F983BF2916C9A0006DFC59 /* Build configuration list for PBXProject "AudioPlayer" */ = {
			isa = XCConfigurationList;
			buildConfigurations = (
				A2F983D62916C9A3006DFC59 /* Debug */,
				A2F983D72916C9A3006DFC59 /* Release */,
			);
			defaultConfigurationIsVisible = 0;
			defaultConfigurationName = Release;
		};
		A2F983D82916C9A3006DFC59 /* Build configuration list for PBXNativeTarget "AudioPlayer" */ = {
			isa = XCConfigurationList;
			buildConfigurations = (
				A2F983D92916C9A3006DFC59 /* Debug */,
				A2F983DA2916C9A3006DFC59 /* Release */,
			);
			defaultConfigurationIsVisible = 0;
			defaultConfigurationName = Release;
		};
/* End XCConfigurationList section */
	};
	rootObject = A2F983BC2916C9A0006DFC59 /* Project object */;
}
